{
  "name": "pick-me-maybe",
  "version": "0.1.0",
  "lockfileVersion": 3,
  "requires": true,
  "packages": {
    "": {
      "name": "pick-me-maybe",
      "version": "0.1.0",
      "workspaces": [
        "apps/*",
        "packages/*"
      ],
      "devDependencies": {
        "@types/node": "^25.6.2",
        "typescript": "^5.9.3"
      }
    },
    "apps/api": {
      "name": "@pick-me-maybe/api",
      "version": "0.1.0",
      "dependencies": {
        "@pick-me-maybe/asset-matcher": "file:../../packages/asset-matcher",
        "@pick-me-maybe/presentation-engine": "file:../../packages/presentation-engine",
        "@pick-me-maybe/raffle-engine": "file:../../packages/raffle-engine",
        "@pick-me-maybe/render-types": "file:../../packages/render-types",
        "@pick-me-maybe/roster-import": "file:../../packages/roster-import",
        "@pick-me-maybe/shared": "file:../../packages/shared"
      }
    },
    "apps/renderer": {
      "name": "@pick-me-maybe/renderer",
      "version": "0.1.0",
      "dependencies": {
        "@pick-me-maybe/render-types": "file:../../packages/render-types"
      }
    },
    "apps/web": {
      "name": "@pick-me-maybe/web",
      "version": "0.1.0",
      "dependencies": {
        "@pick-me-maybe/asset-matcher": "file:../../packages/asset-matcher",
        "@pick-me-maybe/presentation-engine": "file:../../packages/presentation-engine",
        "@pick-me-maybe/raffle-engine": "file:../../packages/raffle-engine",
        "@pick-me-maybe/render-types": "file:../../packages/render-types",
        "@pick-me-maybe/roster-import": "file:../../packages/roster-import",
        "@pick-me-maybe/shared": "file:../../packages/shared"
      }
    },
    "node_modules/@pick-me-maybe/api": {
      "resolved": "apps/api",
      "link": true
    },
    "node_modules/@pick-me-maybe/asset-matcher": {
      "resolved": "packages/asset-matcher",
      "link": true
    },
    "node_modules/@pick-me-maybe/presentation-engine": {
      "resolved": "packages/presentation-engine",
      "link": true
    },
    "node_modules/@pick-me-maybe/raffle-engine": {
      "resolved": "packages/raffle-engine",
      "link": true
    },
    "node_modules/@pick-me-maybe/render-types": {
      "resolved": "packages/render-types",
      "link": true
    },
    "node_modules/@pick-me-maybe/renderer": {
      "resolved": "apps/renderer",
      "link": true
    },
    "node_modules/@pick-me-maybe/roster-import": {
      "resolved": "packages/roster-import",
      "link": true
    },
    "node_modules/@pick-me-maybe/shared": {
      "resolved": "packages/shared",
      "link": true
    },
    "node_modules/@pick-me-maybe/web": {
      "resolved": "apps/web",
      "link": true
    },
    "node_modules/@types/node": {
      "version": "25.6.2",
      "resolved": "https://registry.npmjs.org/@types/node/-/node-25.6.2.tgz",
      "integrity": "sha512-sokuT28dxf9JT5Kady1fsXOvI4HVpjZa95NKT5y9PNTIrs2AsobR4GFAA90ZG8M+nxVRLysCXsVj6eGC7Vbrlw==",
      "dev": true,
      "license": "MIT",
      "dependencies": {
        "undici-types": "~7.19.0"
      }
    },
    "node_modules/typescript": {
      "version": "5.9.3",
      "resolved": "https://registry.npmjs.org/typescript/-/typescript-5.9.3.tgz",
      "integrity": "sha512-jl1vZzPDinLr9eUt3J/t7V6FgNEw9QjvBPdysz9KfQDD41fQrC2Y4vKQdiaUpFT4bXlb1RHhLpp8wtm6M5TgSw==",
      "dev": true,
      "license": "Apache-2.0",
      "bin": {
        "tsc": "bin/tsc",
        "tsserver": "bin/tsserver"
      },
      "engines": {
        "node": ">=14.17"
      }
    },
    "node_modules/undici-types": {
      "version": "7.19.2",
      "resolved": "https://registry.npmjs.org/undici-types/-/undici-types-7.19.2.tgz",
      "integrity": "sha512-qYVnV5OEm2AW8cJMCpdV20CDyaN3g0AjDlOGf1OW4iaDEx8MwdtChUp4zu4H0VP3nDRF/8RKWH+IPp9uW0YGZg==",
      "dev": true,
      "license": "MIT"
    },
    "packages/asset-matcher": {
      "name": "@pick-me-maybe/asset-matcher",
      "version": "0.1.0",
      "dependencies": {
        "@pick-me-maybe/shared": "file:../shared"
      }
    },
    "packages/presentation-engine": {
      "name": "@pick-me-maybe/presentation-engine",
      "version": "0.1.0",
      "dependencies": {
        "@pick-me-maybe/shared": "file:../shared"
      }
    },
    "packages/raffle-engine": {
      "name": "@pick-me-maybe/raffle-engine",
      "version": "0.1.0",
      "dependencies": {
        "@pick-me-maybe/shared": "file:../shared"
      }
    },
    "packages/render-types": {
      "name": "@pick-me-maybe/render-types",
      "version": "0.1.0",
      "dependencies": {
        "@pick-me-maybe/presentation-engine": "file:../presentation-engine"
      }
    },
    "packages/roster-import": {
      "name": "@pick-me-maybe/roster-import",
      "version": "0.1.0",
      "dependencies": {
        "@pick-me-maybe/shared": "file:../shared"
      }
    },
    "packages/shared": {
      "name": "@pick-me-maybe/shared",
      "version": "0.1.0"
    }
  }
}
